{
  "version": "5",
  "specifiers": {
    "npm:@lovable.dev/email-js@*": "0.0.4",
    "npm:@supabase/supabase-js@2": "2.104.1"
  },
  "npm": {
    "@lovable.dev/email-js@0.0.4": {
      "integrity": "sha512-5Eu4MFKlUyOyvbQt+kjwHF5nJigiz6tz9SGJG1AC3CUfXe59Bv16kK5fY7uN5RKYoyadNev+0B50kZvuBdrlJQ==",
      "dependencies": [
        "@lovable.dev/webhooks-js"
      ],
      "tarball": "https://europe-west4-npm.pkg.dev/lovable-core-prod/sandbox-npm-cache/@lovable.dev/email-js/-/email-js-0.0.4.tgz"
    },
    "@lovable.dev/webhooks-js@0.0.1": {
      "integrity": "sha512-TdaXXNszX2r9VAWdHpxgpF7cb/aLvejfkVD5S6jTCmH0ArUjAMPkkTlFnG52kkOdWlD5dtW2sNWvqptqVJYVIg==",
      "tarball": "https://europe-west4-npm.pkg.dev/lovable-core-prod/sandbox-npm-cache/@lovable.dev/webhooks-js/-/webhooks-js-0.0.1.tgz"
    },
    "@supabase/auth-js@2.104.1": {
      "integrity": "sha512-pqFnDKekq1isqlqnzqzyJ3mzmho+o+FjfVTqhKY3PFlwj2anx3OPznO1kbo1ZEwD8zg1r4EAFf/7pplLyX0ocQ==",
      "dependencies": [
        "tslib"
      ],
      "tarball": "https://europe-west4-npm.pkg.dev/lovable-core-prod/sandbox-npm-cache/@supabase/auth-js/-/auth-js-2.104.1.tgz"
    },
    "@supabase/functions-js@2.104.1": {
      "integrity": "sha512-JjAH4JN9rZzxh4plQnILPrQZXAG6ccoRS6z9hQAGmXpRSwJA+7CWbsDV2R82I8MROlGDsjqj1Ot/cWpTfdf6xg==",
      "dependencies": [
        "tslib"
      ],
      "tarball": "https://europe-west4-npm.pkg.dev/lovable-core-prod/sandbox-npm-cache/@supabase/functions-js/-/functions-js-2.104.1.tgz"
    },
    "@supabase/phoenix@0.4.0": {
      "integrity": "sha512-RHSx8bHS02xwfHdAbX5Lpbo6PXbgyf7lTaXTlwtFDPwOIw64NnVRwFAXGojHhjtVYI+PEPNSWwkL90f4agN3bw==",
      "tarball": "https://europe-west4-npm.pkg.dev/lovable-core-prod/sandbox-npm-cache/@supabase/phoenix/-/phoenix-0.4.0.tgz"
    },
    "@supabase/postgrest-js@2.104.1": {
      "integrity": "sha512-RqlLpvgXsjcc27fLyHNGm3zN0KDWXbkdTdaFtaEdX83RsTEqH7BAmshH7zoUMml5lL04naUeRjS3B81O6jZcJw==",
      "dependencies": [
        "tslib"
      ],
      "tarball": "https://europe-west4-npm.pkg.dev/lovable-core-prod/sandbox-npm-cache/@supabase/postgrest-js/-/postgrest-js-2.104.1.tgz"
    },
    "@supabase/realtime-js@2.104.1": {
      "integrity": "sha512-dVJHhFB2ErBd0/2qE9G8CedCrGoAtBfL9Q4zbSMXO7b1Cpld916ljSiX21mURUqijPf1WoPQG4Bp/averUzk/g==",
      "dependencies": [
        "@supabase/phoenix",
        "@types/ws",
        "tslib",
        "ws"
      ],
      "tarball": "https://europe-west4-npm.pkg.dev/lovable-core-prod/sandbox-npm-cache/@supabase/realtime-js/-/realtime-js-2.104.1.tgz"
    },
    "@supabase/storage-js@2.104.1": {
      "integrity": "sha512-2bQaLbkRshctkUVuqamwYZDEd+0cGSc9DY9sjh92DcA5hu1F/1AP8p6gxGr76sgdK9Ngi0rh+2Kdh+uC4hcnGA==",
      "dependencies": [
        "iceberg-js",
        "tslib"
      ],
      "tarball": "https://europe-west4-npm.pkg.dev/lovable-core-prod/sandbox-npm-cache/@supabase/storage-js/-/storage-js-2.104.1.tgz"
    },
    "@supabase/supabase-js@2.104.1": {
      "integrity": "sha512-E0H/CtVmaGjiAy+ieZ5ZB/1EqxXcGdaFaAc23AE5zaYfz6NtCNDcmaEdoGPYMPFH5pE6drGG6e3ljPmkFoGVxQ==",
      "dependencies": [
        "@supabase/auth-js",
        "@supabase/functions-js",
        "@supabase/postgrest-js",
        "@supabase/realtime-js",
        "@supabase/storage-js"
      ],
      "tarball": "https://europe-west4-npm.pkg.dev/lovable-core-prod/sandbox-npm-cache/@supabase/supabase-js/-/supabase-js-2.104.1.tgz"
    },
    "@types/node@25.6.0": {
      "integrity": "sha512-+qIYRKdNYJwY3vRCZMdJbPLJAtGjQBudzZzdzwQYkEPQd+PJGixUL5QfvCLDaULoLv+RhT3LDkwEfKaAkgSmNQ==",
      "dependencies": [
        "undici-types"
      ],
      "tarball": "https://europe-west4-npm.pkg.dev/lovable-core-prod/sandbox-npm-cache/@types/node/-/node-25.6.0.tgz"
    },
    "@types/ws@8.18.1": {
      "integrity": "sha512-ThVF6DCVhA8kUGy+aazFQ4kXQ7E1Ty7A3ypFOe0IcJV8O/M511G99AW24irKrW56Wt44yG9+ij8FaqoBGkuBXg==",
      "dependencies": [
        "@types/node"
      ],
      "tarball": "https://europe-west4-npm.pkg.dev/lovable-core-prod/sandbox-npm-cache/@types/ws/-/ws-8.18.1.tgz"
    },
    "iceberg-js@0.8.1": {
      "integrity": "sha512-1dhVQZXhcHje7798IVM+xoo/1ZdVfzOMIc8/rgVSijRK38EDqOJoGula9N/8ZI5RD8QTxNQtK/Gozpr+qUqRRA==",
      "tarball": "https://europe-west4-npm.pkg.dev/lovable-core-prod/sandbox-npm-cache/iceberg-js/-/iceberg-js-0.8.1.tgz"
    },
    "tslib@2.8.1": {
      "integrity": "sha512-oJFu94HQb+KVduSUQL7wnpmqnfmLsOA/nAh6b6EH0wCEoK0/mPeXU6c3wKDV83MkOuHPRHtSXKKU99IBazS/2w==",
      "tarball": "https://europe-west4-npm.pkg.dev/lovable-core-prod/sandbox-npm-cache/tslib/-/tslib-2.8.1.tgz"
    },
    "undici-types@7.19.2": {
      "integrity": "sha512-qYVnV5OEm2AW8cJMCpdV20CDyaN3g0AjDlOGf1OW4iaDEx8MwdtChUp4zu4H0VP3nDRF/8RKWH+IPp9uW0YGZg==",
      "tarball": "https://europe-west4-npm.pkg.dev/lovable-core-prod/sandbox-npm-cache/undici-types/-/undici-types-7.19.2.tgz"
    },
    "ws@8.20.0": {
      "integrity": "sha512-sAt8BhgNbzCtgGbt2OxmpuryO63ZoDk/sqaB/znQm94T4fCEsy/yV+7CdC1kJhOU9lboAEU7R3kquuycDoibVA==",
      "tarball": "https://europe-west4-npm.pkg.dev/lovable-core-prod/sandbox-npm-cache/ws/-/ws-8.20.0.tgz"
    }
  }
}
